# @generated - this file is auto-generated by `mise lock` https://mise.jdx.dev/dev-tools/mise-lock.html

lockfile_version = 1

[[tools.elixir]]
version = "1.20.4-otp-28"
backend = "core:elixir"
specifiers = ["1.20.4-otp-28"]

[tools.elixir."platforms.linux-arm64"]
checksum = "sha256:ea7ff98bc1ed76c663a5d034c863c6fd37e65c9c855b6bbf6ccb2034d806673c"
url = "https://builds.hex.pm/builds/elixir/v1.20.4-otp-28.zip"

[tools.elixir."platforms.linux-arm64-musl"]
checksum = "sha256:ea7ff98bc1ed76c663a5d034c863c6fd37e65c9c855b6bbf6ccb2034d806673c"
url = "https://builds.hex.pm/builds/elixir/v1.20.4-otp-28.zip"

[tools.elixir."platforms.linux-x64"]
checksum = "blake3:70cf45ee7c1a4fee63b6cacea2d881e6e62b1b8a3b312f3fef5a225dd52507ed"
url = "https://builds.hex.pm/builds/elixir/v1.20.4-otp-28.zip"

[tools.elixir."platforms.linux-x64-musl"]
checksum = "sha256:ea7ff98bc1ed76c663a5d034c863c6fd37e65c9c855b6bbf6ccb2034d806673c"
url = "https://builds.hex.pm/builds/elixir/v1.20.4-otp-28.zip"

[tools.elixir."platforms.macos-arm64"]
checksum = "sha256:ea7ff98bc1ed76c663a5d034c863c6fd37e65c9c855b6bbf6ccb2034d806673c"
url = "https://builds.hex.pm/builds/elixir/v1.20.4-otp-28.zip"

[tools.elixir."platforms.macos-x64"]
checksum = "sha256:ea7ff98bc1ed76c663a5d034c863c6fd37e65c9c855b6bbf6ccb2034d806673c"
url = "https://builds.hex.pm/builds/elixir/v1.20.4-otp-28.zip"

[tools.elixir."platforms.windows-x64"]
checksum = "sha256:ea7ff98bc1ed76c663a5d034c863c6fd37e65c9c855b6bbf6ccb2034d806673c"
url = "https://builds.hex.pm/builds/elixir/v1.20.4-otp-28.zip"

[[tools.erlang]]
version = "28.5"
backend = "core:erlang"
specifiers = ["28"]

[tools.erlang.options]
precompiled_os = "ubuntu-24.04"

[tools.erlang."platforms.linux-arm64"]
checksum = "sha256:78069d75d6075bddf88e79d6d0f833a3f8d50ba98c404b33d154ee1d3ceaebd8"
url = "https://builds.hex.pm/builds/otp/arm64/ubuntu-24.04/OTP-28.5.tar.gz"

[tools.erlang."platforms.linux-x64"]
checksum = "sha256:dc8038a4a8e7a1107e0c959eaeef421d8960f7a70a19d045cac3e04f67d41a81"
url = "https://builds.hex.pm/builds/otp/amd64/ubuntu-24.04/OTP-28.5.tar.gz"

[[tools.erlang]]
version = "28.5"
backend = "core:erlang"

[tools.erlang."platforms.linux-arm64-musl"]
checksum = "sha256:2c7e8ca23e6864eb20eff5d44738bfa123aed8cd21ed6d98e533d751eee28d9c"
url = "https://github.com/erlang/otp/releases/download/OTP-28.5/otp_src_28.5.tar.gz"
url_api = "https://api.github.com/repos/erlang/otp/releases/assets/403501100"
install = "source"

[tools.erlang."platforms.linux-x64-musl"]
checksum = "sha256:2c7e8ca23e6864eb20eff5d44738bfa123aed8cd21ed6d98e533d751eee28d9c"
url = "https://github.com/erlang/otp/releases/download/OTP-28.5/otp_src_28.5.tar.gz"
url_api = "https://api.github.com/repos/erlang/otp/releases/assets/403501100"
install = "source"

[tools.erlang."platforms.macos-arm64"]
checksum = "sha256:f365335cf6c705b52557f4d3a4c4058e2e689a0e58d822160688d0cc8a736b92"
url = "https://github.com/erlef/otp_builds/releases/download/OTP-28.5/otp-aarch64-apple-darwin.tar.gz"
url_api = "https://api.github.com/repos/erlef/otp_builds/releases/assets/403427927"

[tools.erlang."platforms.macos-x64"]
checksum = "sha256:ded695f1d49c9e251b2afa0205dfdcb8ee16b4432aa1d5ffb38c6ee155bf7f6f"
url = "https://github.com/erlef/otp_builds/releases/download/OTP-28.5/otp-x86_64-apple-darwin.tar.gz"
url_api = "https://api.github.com/repos/erlef/otp_builds/releases/assets/403435001"

[tools.erlang."platforms.windows-x64"]
checksum = "sha256:d3227232221e68aa8790666e915604269d5471b61792a5d78a043ac653351140"
url = "https://github.com/erlang/otp/releases/download/OTP-28.5/otp_win64_28.5.zip"
url_api = "https://api.github.com/repos/erlang/otp/releases/assets/403511532"

[[tools.node]]
version = "24.21.0"
backend = "core:node"
specifiers = ["24"]

[tools.node."platforms.linux-arm64"]
checksum = "sha256:724282c3b43aec998aa9527380465b45d229e021b58035f5f4f63095eabfe5d5"
url = "https://nodejs.org/dist/v24.21.0/node-v24.21.0-linux-arm64.tar.gz"

[tools.node."platforms.linux-arm64-musl"]
checksum = "sha256:3048b0811e158ca0d8672b59c839861763e144492980d8d29b369dfee45747e4"
url = "https://unofficial-builds.nodejs.org/download/release/v24.21.0/node-v24.21.0-linux-arm64-musl.tar.gz"

[tools.node."platforms.linux-x64"]
checksum = "sha256:6e1db87ef58b8819e5d5402eff1536491b18edd8eb7bee5ef7897876e88dc5ff"
url = "https://nodejs.org/dist/v24.21.0/node-v24.21.0-linux-x64.tar.gz"

[tools.node."platforms.linux-x64-musl"]
checksum = "sha256:01a713e34da98e7b4d2a3191ee7ca3f93dd0384d1a2ef23c379b2161ee6e133a"
url = "https://unofficial-builds.nodejs.org/download/release/v24.21.0/node-v24.21.0-linux-x64-musl.tar.gz"

[tools.node."platforms.macos-arm64"]
checksum = "sha256:bed7eea5325e1108f32ce5228ddd6a5f0f08a499ee42aa7442aea583702f6057"
url = "https://nodejs.org/dist/v24.21.0/node-v24.21.0-darwin-arm64.tar.gz"

[tools.node."platforms.macos-x64"]
checksum = "sha256:1462cb3b3046b815cf8ea436d3da450ec1a9f11dac7e5a46b0ada5305d7e8097"
url = "https://nodejs.org/dist/v24.21.0/node-v24.21.0-darwin-x64.tar.gz"

[tools.node."platforms.windows-x64"]
checksum = "sha256:158f7685b44de51f6c0df1d153526cbcd3e1bc739a8dfc607721cef75de9e541"
url = "https://nodejs.org/dist/v24.21.0/node-v24.21.0-win-x64.zip"

[[tools.rust]]
version = "stable"
backend = "core:rust"
specifiers = ["stable"]
